
Microsoft Visual Studio Solution File, Format Version 12.00
# Visual Studio Version 17
VisualStudioVersion = 17.10.34928.147
MinimumVisualStudioVersion = 10.0.40219.1
Project("{FAE04EC0-301F-11D3-BF4B-00C04F79EFBC}") = "ExercicioRetangulo", "ExercicioRetangulo.csproj", "{D2BB026D-E898-4AC4-AD3A-03BE6CE15304}"
EndProject
Global
	GlobalSection(SolutionConfigurationPlatforms) = preSolution
		Debug|Any CPU = Debug|Any CPU
		Release|Any CPU = Release|Any CPU
	EndGlobalSection
	GlobalSection(ProjectConfigurationPlatforms) = postSolution
		{D2BB026D-E898-4AC4-AD3A-03BE6CE15304}.Debug|Any CPU.ActiveCfg = Debug|Any CPU
		{D2BB026D-E898-4AC4-AD3A-03BE6CE15304}.Debug|Any CPU.Build.0 = Debug|Any CPU
		{D2BB026D-E898-4AC4-AD3A-03BE6CE15304}.Release|Any CPU.ActiveCfg = Release|Any CPU
		{D2BB026D-E898-4AC4-AD3A-03BE6CE15304}.Release|Any CPU.Build.0 = Release|Any CPU
	EndGlobalSection
	GlobalSection(SolutionProperties) = preSolution
		HideSolutionNode = FALSE
	EndGlobalSection
	GlobalSection(ExtensibilityGlobals) = postSolution
		SolutionGuid = {F8240BBF-8BEA-4676-AC4A-ECC50F2FF814}
	EndGlobalSection
EndGlobal
